
Microsoft Visual Studio Solution File, Format Version 12.00
# Visual Studio 15
VisualStudioVersion = 15.0.27130.2027
MinimumVisualStudioVersion = 10.0.40219.1
Project("{FAE04EC0-301F-11D3-BF4B-00C04F79EFBC}") = "print-server", "print-server\print-server.csproj", "{2D190F6A-3D54-44C1-8649-646F4DC6ABE8}"
EndProject
Global
	GlobalSection(SolutionConfigurationPlatforms) = preSolution
		Debug|Any CPU = Debug|Any CPU
		Release|Any CPU = Release|Any CPU
	EndGlobalSection
	GlobalSection(ProjectConfigurationPlatforms) = postSolution
		{2D190F6A-3D54-44C1-8649-646F4DC6ABE8}.Debug|Any CPU.ActiveCfg = Debug|Any CPU
		{2D190F6A-3D54-44C1-8649-646F4DC6ABE8}.Debug|Any CPU.Build.0 = Debug|Any CPU
		{2D190F6A-3D54-44C1-8649-646F4DC6ABE8}.Release|Any CPU.ActiveCfg = Release|Any CPU
		{2D190F6A-3D54-44C1-8649-646F4DC6ABE8}.Release|Any CPU.Build.0 = Release|Any CPU
	EndGlobalSection
	GlobalSection(SolutionProperties) = preSolution
		HideSolutionNode = FALSE
	EndGlobalSection
	GlobalSection(ExtensibilityGlobals) = postSolution
		SolutionGuid = {A3757068-1738-4B35-906B-B319A114EAE6}
	EndGlobalSection
EndGlobal
